Microsoft Visual Studio Solution File, Format Version 12.00
# Visual Studio Version 17
VisualStudioVersion = 17.5.2.0
MinimumVisualStudioVersion = 10.0.40219.1
Project("{FAE04EC0-301F-11D3-BF4B-00C04F79EFBC}") = "AssetSys.CmsV16", "AssetSys.CmsV16.csproj", "{9224B341-25F1-5DF8-8DCB-CD08CA95A889}"
EndProject
Global
	GlobalSection(SolutionConfigurationPlatforms) = preSolution
		Debug|Any CPU = Debug|Any CPU
		Release|Any CPU = Release|Any CPU
	EndGlobalSection
	GlobalSection(ProjectConfigurationPlatforms) = postSolution
		{9224B341-25F1-5DF8-8DCB-CD08CA95A889}.Debug|Any CPU.ActiveCfg = Debug|Any CPU
		{9224B341-25F1-5DF8-8DCB-CD08CA95A889}.Debug|Any CPU.Build.0 = Debug|Any CPU
		{9224B341-25F1-5DF8-8DCB-CD08CA95A889}.Release|Any CPU.ActiveCfg = Release|Any CPU
		{9224B341-25F1-5DF8-8DCB-CD08CA95A889}.Release|Any CPU.Build.0 = Release|Any CPU
	EndGlobalSection
	GlobalSection(SolutionProperties) = preSolution
		HideSolutionNode = FALSE
	EndGlobalSection
	GlobalSection(ExtensibilityGlobals) = postSolution
		SolutionGuid = {4E7388CA-D0EB-4A30-8067-FE2F83767BE4}
	EndGlobalSection
EndGlobal
